
Microsoft Visual Studio Solution File, Format Version 12.00
# Visual Studio Version 17
VisualStudioVersion = 17.11.35103.136
MinimumVisualStudioVersion = 10.0.40219.1
Project("{FAE04EC0-301F-11D3-BF4B-00C04F79EFBC}") = "webApp", "webApp\webApp.csproj", "{95D96664-0504-43EA-A16A-F71AC4749300}"
EndProject
Global
	GlobalSection(SolutionConfigurationPlatforms) = preSolution
		Debug|Any CPU = Debug|Any CPU
		Release|Any CPU = Release|Any CPU
	EndGlobalSection
	GlobalSection(ProjectConfigurationPlatforms) = postSolution
		{95D96664-0504-43EA-A16A-F71AC4749300}.Debug|Any CPU.ActiveCfg = Debug|Any CPU
		{95D96664-0504-43EA-A16A-F71AC4749300}.Debug|Any CPU.Build.0 = Debug|Any CPU
		{95D96664-0504-43EA-A16A-F71AC4749300}.Release|Any CPU.ActiveCfg = Release|Any CPU
		{95D96664-0504-43EA-A16A-F71AC4749300}.Release|Any CPU.Build.0 = Release|Any CPU
	EndGlobalSection
	GlobalSection(SolutionProperties) = preSolution
		HideSolutionNode = FALSE
	EndGlobalSection
	GlobalSection(ExtensibilityGlobals) = postSolution
		SolutionGuid = {8DCA3316-D579-4160-BFE3-09D9E2B5030C}
	EndGlobalSection
EndGlobal
